// !$*UTF8*$!
{
	archiveVersion = 1;
	classes = {
	};
	objectVersion = 56;
	objects = {

/* Begin PBXBuildFile section */
		287A960D2976E0AA00FEAA9A /* CategoriesViewController.swift in Sources */ = {isa = PBXBuildFile; fileRef = 287A960C2976E0AA00FEAA9A /* CategoriesViewController.swift */; };
		287A961B29775E4500FEAA9A /* CategoryViewCell.swift in Sources */ = {isa = PBXBuildFile; fileRef = 287A961A29775E4500FEAA9A /* CategoryViewCell.swift */; };
		28AA6855297B3F12008F1E65 /* Alamofire in Frameworks */ = {isa = PBXBuildFile; productRef = 28AA6854297B3F12008F1E65 /* Alamofire */; };
		28AA688B2989D84D008F1E65 /* DataStore.swift in Sources */ = {isa = PBXBuildFile; fileRef = 28AA688A2989D84D008F1E65 /* DataStore.swift */; };
		28EFE76A2964E2080060B854 /* AppDelegate.swift in Sources */ = {isa = PBXBuildFile; fileRef = 28EFE7692964E2080060B854 /* AppDelegate.swift */; };
		28EFE76C2964E2080060B854 /* SceneDelegate.swift in Sources */ = {isa = PBXBuildFile; fileRef = 28EFE76B2964E2080060B854 /* SceneDelegate.swift */; };
		28EFE7712964E2080060B854 /* Main.storyboard in Resources */ = {isa = PBXBuildFile; fileRef = 28EFE76F2964E2080060B854 /* Main.storyboard */; };
		28EFE7732964E20A0060B854 /* Assets.xcassets in Resources */ = {isa = PBXBuildFile; fileRef = 28EFE7722964E20A0060B854 /* Assets.xcassets */; };
		28EFE7762964E20A0060B854 /* LaunchScreen.storyboard in Resources */ = {isa = PBXBuildFile; fileRef = 28EFE7742964E20A0060B854 /* LaunchScreen.storyboard */; };
		28EFE77F2964E6510060B854 /* Category.swift in Sources */ = {isa = PBXBuildFile; fileRef = 28EFE77E2964E6510060B854 /* Category.swift */; };
		28EFE7882966570E0060B854 /* NetworkManager.swift in Sources */ = {isa = PBXBuildFile; fileRef = 28EFE7872966570E0060B854 /* NetworkManager.swift */; };
		28EFE791296A5A960060B854 /* CategoryDetailViewController.swift in Sources */ = {isa = PBXBuildFile; fileRef = 28EFE790296A5A960060B854 /* CategoryDetailViewController.swift */; };
		28EFE793296A657E0060B854 /* MealViewCell.swift in Sources */ = {isa = PBXBuildFile; fileRef = 28EFE792296A657E0060B854 /* MealViewCell.swift */; };
		28EFE795296ACF300060B854 /* Meal.swift in Sources */ = {isa = PBXBuildFile; fileRef = 28EFE794296ACF300060B854 /* Meal.swift */; };
		28EFE799296BEE070060B854 /* MealsViewController.swift in Sources */ = {isa = PBXBuildFile; fileRef = 28EFE798296BEE070060B854 /* MealsViewController.swift */; };
		28EFE79B296C0E020060B854 /* MealDetail.swift in Sources */ = {isa = PBXBuildFile; fileRef = 28EFE79A296C0E020060B854 /* MealDetail.swift */; };
		28EFE79D296C3A7E0060B854 /* MealDetailViewController.swift in Sources */ = {isa = PBXBuildFile; fileRef = 28EFE79C296C3A7E0060B854 /* MealDetailViewController.swift */; };
		28EFE7A0296D75080060B854 /* MealImageViewCell.swift in Sources */ = {isa = PBXBuildFile; fileRef = 28EFE79F296D75080060B854 /* MealImageViewCell.swift */; };
		28EFE7A2296D751E0060B854 /* MealCategoryViewCell.swift in Sources */ = {isa = PBXBuildFile; fileRef = 28EFE7A1296D751E0060B854 /* MealCategoryViewCell.swift */; };
/* End PBXBuildFile section */

/* Begin PBXFileReference section */
		287A960C2976E0AA00FEAA9A /* CategoriesViewController.swift */ = {isa = PBXFileReference; lastKnownFileType = sourcecode.swift; path = CategoriesViewController.swift; sourceTree = "<group>"; };
		287A961A29775E4500FEAA9A /* CategoryViewCell.swift */ = {isa = PBXFileReference; lastKnownFileType = sourcecode.swift; path = CategoryViewCell.swift; sourceTree = "<group>"; };
		28AA688A2989D84D008F1E65 /* DataStore.swift */ = {isa = PBXFileReference; lastKnownFileType = sourcecode.swift; path = DataStore.swift; sourceTree = "<group>"; };
		28EFE7662964E2080060B854 /* URLSession.app */ = {isa = PBXFileReference; explicitFileType = wrapper.application; includeInIndex = 0; path = URLSession.app; sourceTree = BUILT_PRODUCTS_DIR; };
		28EFE7692964E2080060B854 /* AppDelegate.swift */ = {isa = PBXFileReference; lastKnownFileType = sourcecode.swift; path = AppDelegate.swift; sourceTree = "<group>"; };
		28EFE76B2964E2080060B854 /* SceneDelegate.swift */ = {isa = PBXFileReference; lastKnownFileType = sourcecode.swift; path = SceneDelegate.swift; sourceTree = "<group>"; };
		28EFE7702964E2080060B854 /* Base */ = {isa = PBXFileReference; lastKnownFileType = file.storyboard; name = Base; path = Base.lproj/Main.storyboard; sourceTree = "<group>"; };
		28EFE7722964E20A0060B854 /* Assets.xcassets */ = {isa = PBXFileReference; lastKnownFileType = folder.assetcatalog; path = Assets.xcassets; sourceTree = "<group>"; };
		28EFE7752964E20A0060B854 /* Base */ = {isa = PBXFileReference; lastKnownFileType = file.storyboard; name = Base; path = Base.lproj/LaunchScreen.storyboard; sourceTree = "<group>"; };
		28EFE7772964E20A0060B854 /* Info.plist */ = {isa = PBXFileReference; lastKnownFileType = text.plist.xml; path = Info.plist; sourceTree = "<group>"; };
		28EFE77E2964E6510060B854 /* Category.swift */ = {isa = PBXFileReference; lastKnownFileType = sourcecode.swift; path = Category.swift; sourceTree = "<group>"; };
		28EFE7872966570E0060B854 /* NetworkManager.swift */ = {isa = PBXFileReference; lastKnownFileType = sourcecode.swift; path = NetworkManager.swift; sourceTree = "<group>"; };
		28EFE790296A5A960060B854 /* CategoryDetailViewController.swift */ = {isa = PBXFileReference; lastKnownFileType = sourcecode.swift; path = CategoryDetailViewController.swift; sourceTree = "<group>"; };
		28EFE792296A657E0060B854 /* MealViewCell.swift */ = {isa = PBXFileReference; lastKnownFileType = sourcecode.swift; path = MealViewCell.swift; sourceTree = "<group>"; };
		28EFE794296ACF300060B854 /* Meal.swift */ = {isa = PBXFileReference; lastKnownFileType = sourcecode.swift; path = Meal.swift; sourceTree = "<group>"; };
		28EFE798296BEE070060B854 /* MealsViewController.swift */ = {isa = PBXFileReference; lastKnownFileType = sourcecode.swift; path = MealsViewController.swift; sourceTree = "<group>"; };
		28EFE79A296C0E020060B854 /* MealDetail.swift */ = {isa = PBXFileReference; lastKnownFileType = sourcecode.swift; path = MealDetail.swift; sourceTree = "<group>"; };
		28EFE79C296C3A7E0060B854 /* MealDetailViewController.swift */ = {isa = PBXFileReference; lastKnownFileType = sourcecode.swift; path = MealDetailViewController.swift; sourceTree = "<group>"; };
		28EFE79F296D75080060B854 /* MealImageViewCell.swift */ = {isa = PBXFileReference; lastKnownFileType = sourcecode.swift; path = MealImageViewCell.swift; sourceTree = "<group>"; };
		28EFE7A1296D751E0060B854 /* MealCategoryViewCell.swift */ = {isa = PBXFileReference; lastKnownFileType = sourcecode.swift; path = MealCategoryViewCell.swift; sourceTree = "<group>"; };
/* End PBXFileReference section */

/* Begin PBXFrameworksBuildPhase section */
		28EFE7632964E2080060B854 /* Frameworks */ = {
			isa = PBXFrameworksBuildPhase;
			buildActionMask = 2147483647;
			files = (
				28AA6855297B3F12008F1E65 /* Alamofire in Frameworks */,
			);
			runOnlyForDeploymentPostprocessing = 0;
		};
/* End PBXFrameworksBuildPhase section */

/* Begin PBXGroup section */
		28EFE75D2964E2080060B854 = {
			isa = PBXGroup;
			children = (
				28EFE7682964E2080060B854 /* URLSession */,
				28EFE7672964E2080060B854 /* Products */,
			);
			sourceTree = "<group>";
		};
		28EFE7672964E2080060B854 /* Products */ = {
			isa = PBXGroup;
			children = (
				28EFE7662964E2080060B854 /* URLSession.app */,
			);
			name = Products;
			sourceTree = "<group>";
		};
		28EFE7682964E2080060B854 /* URLSession */ = {
			isa = PBXGroup;
			children = (
				28EFE7822964E7360060B854 /* ViewControllers */,
				28EFE78B29665FA80060B854 /* Views */,
				28EFE77D2964E63F0060B854 /* Models */,
				28EFE786296656490060B854 /* Services */,
				28EFE7802964E71E0060B854 /* Storyboards */,
				28EFE7812964E72F0060B854 /* App */,
				28EFE7832964E74B0060B854 /* Resources */,
			);
			path = URLSession;
			sourceTree = "<group>";
		};
		28EFE77D2964E63F0060B854 /* Models */ = {
			isa = PBXGroup;
			children = (
				28EFE77E2964E6510060B854 /* Category.swift */,
				28EFE794296ACF300060B854 /* Meal.swift */,
				28EFE79A296C0E020060B854 /* MealDetail.swift */,
			);
			path = Models;
			sourceTree = "<group>";
		};
		28EFE7802964E71E0060B854 /* Storyboards */ = {
			isa = PBXGroup;
			children = (
				28EFE76F2964E2080060B854 /* Main.storyboard */,
				28EFE7742964E20A0060B854 /* LaunchScreen.storyboard */,
			);
			path = Storyboards;
			sourceTree = "<group>";
		};
		28EFE7812964E72F0060B854 /* App */ = {
			isa = PBXGroup;
			children = (
				28EFE7692964E2080060B854 /* AppDelegate.swift */,
				28EFE76B2964E2080060B854 /* SceneDelegate.swift */,
				28EFE7772964E20A0060B854 /* Info.plist */,
			);
			path = App;
			sourceTree = "<group>";
		};
		28EFE7822964E7360060B854 /* ViewControllers */ = {
			isa = PBXGroup;
			children = (
				287A960C2976E0AA00FEAA9A /* CategoriesViewController.swift */,
				28EFE790296A5A960060B854 /* CategoryDetailViewController.swift */,
				28EFE798296BEE070060B854 /* MealsViewController.swift */,
				28EFE79C296C3A7E0060B854 /* MealDetailViewController.swift */,
			);
			path = ViewControllers;
			sourceTree = "<group>";
		};
		28EFE7832964E74B0060B854 /* Resources */ = {
			isa = PBXGroup;
			children = (
				28EFE7722964E20A0060B854 /* Assets.xcassets */,
			);
			path = Resources;
			sourceTree = "<group>";
		};
		28EFE786296656490060B854 /* Services */ = {
			isa = PBXGroup;
			children = (
				28EFE7872966570E0060B854 /* NetworkManager.swift */,
				28AA688A2989D84D008F1E65 /* DataStore.swift */,
			);
			path = Services;
			sourceTree = "<group>";
		};
		28EFE78B29665FA80060B854 /* Views */ = {
			isa = PBXGroup;
			children = (
				28EFE79E296D74CB0060B854 /* MealDetailViews */,
				28EFE792296A657E0060B854 /* MealViewCell.swift */,
				287A961A29775E4500FEAA9A /* CategoryViewCell.swift */,
			);
			path = Views;
			sourceTree = "<group>";
		};
		28EFE79E296D74CB0060B854 /* MealDetailViews */ = {
			isa = PBXGroup;
			children = (
				28EFE79F296D75080060B854 /* MealImageViewCell.swift */,
				28EFE7A1296D751E0060B854 /* MealCategoryViewCell.swift */,
			);
			path = MealDetailViews;
			sourceTree = "<group>";
		};
/* End PBXGroup section */

/* Begin PBXNativeTarget section */
		28EFE7652964E2080060B854 /* URLSession */ = {
			isa = PBXNativeTarget;
			buildConfigurationList = 28EFE77A2964E20A0060B854 /* Build configuration list for PBXNativeTarget "URLSession" */;
			buildPhases = (
				28EFE7622964E2080060B854 /* Sources */,
				28EFE7632964E2080060B854 /* Frameworks */,
				28EFE7642964E2080060B854 /* Resources */,
			);
			buildRules = (
			);
			dependencies = (
			);
			name = URLSession;
			packageProductDependencies = (
				28AA6854297B3F12008F1E65 /* Alamofire */,
			);
			productName = URLSession;
			productReference = 28EFE7662964E2080060B854 /* URLSession.app */;
			productType = "com.apple.product-type.application";
		};
/* End PBXNativeTarget section */

/* Begin PBXProject section */
		28EFE75E2964E2080060B854 /* Project object */ = {
			isa = PBXProject;
			attributes = {
				BuildIndependentTargetsInParallel = 1;
				LastSwiftUpdateCheck = 1410;
				LastUpgradeCheck = 1410;
				TargetAttributes = {
					28EFE7652964E2080060B854 = {
						CreatedOnToolsVersion = 14.1;
					};
				};
			};
			buildConfigurationList = 28EFE7612964E2080060B854 /* Build configuration list for PBXProject "URLSession" */;
			compatibilityVersion = "Xcode 14.0";
			developmentRegion = en;
			hasScannedForEncodings = 0;
			knownRegions = (
				en,
				Base,
			);
			mainGroup = 28EFE75D2964E2080060B854;
			packageReferences = (
				28AA6853297B3F12008F1E65 /* XCRemoteSwiftPackageReference "Alamofire" */,
			);
			productRefGroup = 28EFE7672964E2080060B854 /* Products */;
			projectDirPath = "";
			projectRoot = "";
			targets = (
				28EFE7652964E2080060B854 /* URLSession */,
			);
		};
/* End PBXProject section */

/* Begin PBXResourcesBuildPhase section */
		28EFE7642964E2080060B854 /* Resources */ = {
			isa = PBXResourcesBuildPhase;
			buildActionMask = 2147483647;
			files = (
				28EFE7762964E20A0060B854 /* LaunchScreen.storyboard in Resources */,
				28EFE7732964E20A0060B854 /* Assets.xcassets in Resources */,
				28EFE7712964E2080060B854 /* Main.storyboard in Resources */,
			);
			runOnlyForDeploymentPostprocessing = 0;
		};
/* End PBXResourcesBuildPhase section */

/* Begin PBXSourcesBuildPhase section */
		28EFE7622964E2080060B854 /* Sources */ = {
			isa = PBXSourcesBuildPhase;
			buildActionMask = 2147483647;
			files = (
				28EFE799296BEE070060B854 /* MealsViewController.swift in Sources */,
				28EFE791296A5A960060B854 /* CategoryDetailViewController.swift in Sources */,
				28EFE79D296C3A7E0060B854 /* MealDetailViewController.swift in Sources */,
				28EFE7A2296D751E0060B854 /* MealCategoryViewCell.swift in Sources */,
				28EFE76A2964E2080060B854 /* AppDelegate.swift in Sources */,
				28EFE76C2964E2080060B854 /* SceneDelegate.swift in Sources */,
				28EFE793296A657E0060B854 /* MealViewCell.swift in Sources */,
				28EFE7A0296D75080060B854 /* MealImageViewCell.swift in Sources */,
				287A961B29775E4500FEAA9A /* CategoryViewCell.swift in Sources */,
				28EFE795296ACF300060B854 /* Meal.swift in Sources */,
				28EFE79B296C0E020060B854 /* MealDetail.swift in Sources */,
				28EFE7882966570E0060B854 /* NetworkManager.swift in Sources */,
				28EFE77F2964E6510060B854 /* Category.swift in Sources */,
				28AA688B2989D84D008F1E65 /* DataStore.swift in Sources */,
				287A960D2976E0AA00FEAA9A /* CategoriesViewController.swift in Sources */,
			);
			runOnlyForDeploymentPostprocessing = 0;
		};
/* End PBXSourcesBuildPhase section */

/* Begin PBXVariantGroup section */
		28EFE76F2964E2080060B854 /* Main.storyboard */ = {
			isa = PBXVariantGroup;
			children = (
				28EFE7702964E2080060B854 /* Base */,
			);
			name = Main.storyboard;
			sourceTree = "<group>";
		};
		28EFE7742964E20A0060B854 /* LaunchScreen.storyboard */ = {
			isa = PBXVariantGroup;
			children = (
				28EFE7752964E20A0060B854 /* Base */,
			);
			name = LaunchScreen.storyboard;
			sourceTree = "<group>";
		};
/* End PBXVariantGroup section */

/* Begin XCBuildConfiguration section */
		28EFE7782964E20A0060B854 /* Debug */ = {
			isa = XCBuildConfiguration;
			buildSettings = {
				ALWAYS_SEARCH_USER_PATHS = NO;
				CLANG_ANALYZER_NONNULL = YES;
				CLANG_ANALYZER_NUMBER_OBJECT_CONVERSION = YES_AGGRESSIVE;
				CLANG_CXX_LANGUAGE_STANDARD = "gnu++20";
				CLANG_ENABLE_MODULES = YES;
				CLANG_ENABLE_OBJC_ARC = YES;
				CLANG_ENABLE_OBJC_WEAK = YES;
				CLANG_WARN_BLOCK_CAPTURE_AUTORELEASING = YES;
				CLANG_WARN_BOOL_CONVERSION = YES;
				CLANG_WARN_COMMA = YES;
				CLANG_WARN_CONSTANT_CONVERSION = YES;
				CLANG_WARN_DEPRECATED_OBJC_IMPLEMENTATIONS = YES;
				CLANG_WARN_DIRECT_OBJC_ISA_USAGE = YES_ERROR;
				CLANG_WARN_DOCUMENTATION_COMMENTS = YES;
				CLANG_WARN_EMPTY_BODY = YES;
				CLANG_WARN_ENUM_CONVERSION = YES;
				CLANG_WARN_INFINITE_RECURSION = YES;
				CLANG_WARN_INT_CONVERSION = YES;
				CLANG_WARN_NON_LITERAL_NULL_CONVERSION = YES;
				CLANG_WARN_OBJC_IMPLICIT_RETAIN_SELF = YES;
				CLANG_WARN_OBJC_LITERAL_CONVERSION = YES;
				CLANG_WARN_OBJC_ROOT_CLASS = YES_ERROR;
				CLANG_WARN_QUOTED_INCLUDE_IN_FRAMEWORK_HEADER = YES;
				CLANG_WARN_RANGE_LOOP_ANALYSIS = YES;
				CLANG_WARN_STRICT_PROTOTYPES = YES;
				CLANG_WARN_SUSPICIOUS_MOVE = YES;
				CLANG_WARN_UNGUARDED_AVAILABILITY = YES_AGGRESSIVE;
				CLANG_WARN_UNREACHABLE_CODE = YES;
				CLANG_WARN__DUPLICATE_METHOD_MATCH = YES;
				COPY_PHASE_STRIP = NO;
				DEBUG_INFORMATION_FORMAT = dwarf;
				ENABLE_STRICT_OBJC_MSGSEND = YES;
				ENABLE_TESTABILITY = YES;
				GCC_C_LANGUAGE_STANDARD = gnu11;
				GCC_DYNAMIC_NO_PIC = NO;
				GCC_NO_COMMON_BLOCKS = YES;
				GCC_OPTIMIZATION_LEVEL = 0;
				GCC_PREPROCESSOR_DEFINITIONS = (
					"DEBUG=1",
					"$(inherited)",
				);
				GCC_WARN_64_TO_32_BIT_CONVERSION = YES;
				GCC_WARN_ABOUT_RETURN_TYPE = YES_ERROR;
				GCC_WARN_UNDECLARED_SELECTOR = YES;
				GCC_WARN_UNINITIALIZED_AUTOS = YES_AGGRESSIVE;
				GCC_WARN_UNUSED_FUNCTION = YES;
				GCC_WARN_UNUSED_VARIABLE = YES;
				IPHONEOS_DEPLOYMENT_TARGET = 16.1;
				MTL_ENABLE_DEBUG_INFO = INCLUDE_SOURCE;
				MTL_FAST_MATH = YES;
				ONLY_ACTIVE_ARCH = YES;
				SDKROOT = iphoneos;
				SWIFT_ACTIVE_COMPILATION_CONDITIONS = DEBUG;
				SWIFT_OPTIMIZATION_LEVEL = "-Onone";
			};
			name = Debug;
		};
		28EFE7792964E20A0060B854 /* Release */ = {
			isa = XCBuildConfiguration;
			buildSettings = {
				ALWAYS_SEARCH_USER_PATHS = NO;
				CLANG_ANALYZER_NONNULL = YES;
				CLANG_ANALYZER_NUMBER_OBJECT_CONVERSION = YES_AGGRESSIVE;
				CLANG_CXX_LANGUAGE_STANDARD = "gnu++20";
				CLANG_ENABLE_MODULES = YES;
				CLANG_ENABLE_OBJC_ARC = YES;
				CLANG_ENABLE_OBJC_WEAK = YES;
				CLANG_WARN_BLOCK_CAPTURE_AUTORELEASING = YES;
				CLANG_WARN_BOOL_CONVERSION = YES;
				CLANG_WARN_COMMA = YES;
				CLANG_WARN_CONSTANT_CONVERSION = YES;
				CLANG_WARN_DEPRECATED_OBJC_IMPLEMENTATIONS = YES;
				CLANG_WARN_DIRECT_OBJC_ISA_USAGE = YES_ERROR;
				CLANG_WARN_DOCUMENTATION_COMMENTS = YES;
				CLANG_WARN_EMPTY_BODY = YES;
				CLANG_WARN_ENUM_CONVERSION = YES;
				CLANG_WARN_INFINITE_RECURSION = YES;
				CLANG_WARN_INT_CONVERSION = YES;
				CLANG_WARN_NON_LITERAL_NULL_CONVERSION = YES;
				CLANG_WARN_OBJC_IMPLICIT_RETAIN_SELF = YES;
				CLANG_WARN_OBJC_LITERAL_CONVERSION = YES;
				CLANG_WARN_OBJC_ROOT_CLASS = YES_ERROR;
				CLANG_WARN_QUOTED_INCLUDE_IN_FRAMEWORK_HEADER = YES;
				CLANG_WARN_RANGE_LOOP_ANALYSIS = YES;
				CLANG_WARN_STRICT_PROTOTYPES = YES;
				CLANG_WARN_SUSPICIOUS_MOVE = YES;
				CLANG_WARN_UNGUARDED_AVAILABILITY = YES_AGGRESSIVE;
				CLANG_WARN_UNREACHABLE_CODE = YES;
				CLANG_WARN__DUPLICATE_METHOD_MATCH = YES;
				COPY_PHASE_STRIP = NO;
				DEBUG_INFORMATION_FORMAT = "dwarf-with-dsym";
				ENABLE_NS_ASSERTIONS = NO;
				ENABLE_STRICT_OBJC_MSGSEND = YES;
				GCC_C_LANGUAGE_STANDARD = gnu11;
				GCC_NO_COMMON_BLOCKS = YES;
				GCC_WARN_64_TO_32_BIT_CONVERSION = YES;
				GCC_WARN_ABOUT_RETURN_TYPE = YES_ERROR;
				GCC_WARN_UNDECLARED_SELECTOR = YES;
				GCC_WARN_UNINITIALIZED_AUTOS = YES_AGGRESSIVE;
				GCC_WARN_UNUSED_FUNCTION = YES;
				GCC_WARN_UNUSED_VARIABLE = YES;
				IPHONEOS_DEPLOYMENT_TARGET = 16.1;
				MTL_ENABLE_DEBUG_INFO = NO;
				MTL_FAST_MATH = YES;
				SDKROOT = iphoneos;
				SWIFT_COMPILATION_MODE = wholemodule;
				SWIFT_OPTIMIZATION_LEVEL = "-O";
				VALIDATE_PRODUCT = YES;
			};
			name = Release;
		};
		28EFE77B2964E20A0060B854 /* Debug */ = {
			isa = XCBuildConfiguration;
			buildSettings = {
				ASSETCATALOG_COMPILER_APPICON_NAME = AppIcon;
				ASSETCATALOG_COMPILER_GLOBAL_ACCENT_COLOR_NAME = AccentColor;
				CODE_SIGN_STYLE = Automatic;
				CURRENT_PROJECT_VERSION = 1;
				DEVELOPMENT_TEAM = Z767NVP4CG;
				GENERATE_INFOPLIST_FILE = YES;
				INFOPLIST_FILE = URLSession/App/Info.plist;
				INFOPLIST_KEY_UIApplicationSupportsIndirectInputEvents = YES;
				INFOPLIST_KEY_UILaunchStoryboardName = LaunchScreen;
				INFOPLIST_KEY_UIMainStoryboardFile = Main;
				INFOPLIST_KEY_UISupportedInterfaceOrientations = UIInterfaceOrientationPortrait;
				INFOPLIST_KEY_UISupportedInterfaceOrientations_iPad = "UIInterfaceOrientationLandscapeLeft UIInterfaceOrientationLandscapeRight UIInterfaceOrientationPortrait UIInterfaceOrientationPortraitUpsideDown";
				LD_RUNPATH_SEARCH_PATHS = (
					"$(inherited)",
					"@executable_path/Frameworks",
				);
				MARKETING_VERSION = 1.0;
				PRODUCT_BUNDLE_IDENTIFIER = denisvasilev.URLSession;
				PRODUCT_NAME = "$(TARGET_NAME)";
				SUPPORTED_PLATFORMS = "iphoneos iphonesimulator";
				SUPPORTS_MACCATALYST = NO;
				SUPPORTS_MAC_DESIGNED_FOR_IPHONE_IPAD = NO;
				SWIFT_EMIT_LOC_STRINGS = YES;
				SWIFT_VERSION = 5.0;
				TARGETED_DEVICE_FAMILY = 1;
			};
			name = Debug;
		};
		28EFE77C2964E20A0060B854 /* Release */ = {
			isa = XCBuildConfiguration;
			buildSettings = {
				ASSETCATALOG_COMPILER_APPICON_NAME = AppIcon;
				ASSETCATALOG_COMPILER_GLOBAL_ACCENT_COLOR_NAME = AccentColor;
				CODE_SIGN_STYLE = Automatic;
				CURRENT_PROJECT_VERSION = 1;
				DEVELOPMENT_TEAM = Z767NVP4CG;
				GENERATE_INFOPLIST_FILE = YES;
				INFOPLIST_FILE = URLSession/App/Info.plist;
				INFOPLIST_KEY_UIApplicationSupportsIndirectInputEvents = YES;
				INFOPLIST_KEY_UILaunchStoryboardName = LaunchScreen;
				INFOPLIST_KEY_UIMainStoryboardFile = Main;
				INFOPLIST_KEY_UISupportedInterfaceOrientations = UIInterfaceOrientationPortrait;
				INFOPLIST_KEY_UISupportedInterfaceOrientations_iPad = "UIInterfaceOrientationLandscapeLeft UIInterfaceOrientationLandscapeRight UIInterfaceOrientationPortrait UIInterfaceOrientationPortraitUpsideDown";
				LD_RUNPATH_SEARCH_PATHS = (
					"$(inherited)",
					"@executable_path/Frameworks",
				);
				MARKETING_VERSION = 1.0;
				PRODUCT_BUNDLE_IDENTIFIER = denisvasilev.URLSession;
				PRODUCT_NAME = "$(TARGET_NAME)";
				SUPPORTED_PLATFORMS = "iphoneos iphonesimulator";
				SUPPORTS_MACCATALYST = NO;
				SUPPORTS_MAC_DESIGNED_FOR_IPHONE_IPAD = NO;
				SWIFT_EMIT_LOC_STRINGS = YES;
				SWIFT_VERSION = 5.0;
				TARGETED_DEVICE_FAMILY = 1;
			};
			name = Release;
		};
/* End XCBuildConfiguration section */

/* Begin XCConfigurationList section */
		28EFE7612964E2080060B854 /* Build configuration list for PBXProject "URLSession" */ = {
			isa = XCConfigurationList;
			buildConfigurations = (
				28EFE7782964E20A0060B854 /* Debug */,
				28EFE7792964E20A0060B854 /* Release */,
			);
			defaultConfigurationIsVisible = 0;
			defaultConfigurationName = Release;
		};
		28EFE77A2964E20A0060B854 /* Build configuration list for PBXNativeTarget "URLSession" */ = {
			isa = XCConfigurationList;
			buildConfigurations = (
				28EFE77B2964E20A0060B854 /* Debug */,
				28EFE77C2964E20A0060B854 /* Release */,
			);
			defaultConfigurationIsVisible = 0;
			defaultConfigurationName = Release;
		};
/* End XCConfigurationList section */

/* Begin XCRemoteSwiftPackageReference section */
		28AA6853297B3F12008F1E65 /* XCRemoteSwiftPackageReference "Alamofire" */ = {
			isa = XCRemoteSwiftPackageReference;
			repositoryURL = "https://github.com/Alamofire/Alamofire.git";
			requirement = {
				kind = upToNextMinorVersion;
				minimumVersion = 5.6.0;
			};
		};
/* End XCRemoteSwiftPackageReference section */

/* Begin XCSwiftPackageProductDependency section */
		28AA6854297B3F12008F1E65 /* Alamofire */ = {
			isa = XCSwiftPackageProductDependency;
			package = 28AA6853297B3F12008F1E65 /* XCRemoteSwiftPackageReference "Alamofire" */;
			productName = Alamofire;
		};
/* End XCSwiftPackageProductDependency section */
	};
	rootObject = 28EFE75E2964E2080060B854 /* Project object */;
}
